
Microsoft Visual Studio Solution File, Format Version 12.00
# Visual Studio Version 17
VisualStudioVersion = 17.5.002.0
MinimumVisualStudioVersion = 10.0.40219.1
Project("{9A19103F-16F7-4668-BE54-9A1E7A4F7556}") = "DesafioPOO", "DesafioPOO.csproj", "{D39AEA69-3304-4C56-86F1-59DD68D326BA}"
EndProject
Global
	GlobalSection(SolutionConfigurationPlatforms) = preSolution
		Debug|Any CPU = Debug|Any CPU
		Release|Any CPU = Release|Any CPU
	EndGlobalSection
	GlobalSection(ProjectConfigurationPlatforms) = postSolution
		{D39AEA69-3304-4C56-86F1-59DD68D326BA}.Debug|Any CPU.ActiveCfg = Debug|Any CPU
		{D39AEA69-3304-4C56-86F1-59DD68D326BA}.Debug|Any CPU.Build.0 = Debug|Any CPU
		{D39AEA69-3304-4C56-86F1-59DD68D326BA}.Release|Any CPU.ActiveCfg = Release|Any CPU
		{D39AEA69-3304-4C56-86F1-59DD68D326BA}.Release|Any CPU.Build.0 = Release|Any CPU
	EndGlobalSection
	GlobalSection(SolutionProperties) = preSolution
		HideSolutionNode = FALSE
	EndGlobalSection
	GlobalSection(ExtensibilityGlobals) = postSolution
		SolutionGuid = {544690EE-1A03-4FFA-ACBF-7FEE8B5C7C5C}
	EndGlobalSection
EndGlobal
